// !$*UTF8*$!
{
	archiveVersion = 1;
	classes = {
	};
	objectVersion = 56;
	objects = {

/* Begin PBXBuildFile section */
		87800EF72B19CA2F009170E9 /* main.swift in Sources */ = {isa = PBXBuildFile; fileRef = 87800EF62B19CA2F009170E9 /* main.swift */; };
		87800EFE2B19CA72009170E9 /* AOC1.swift in Sources */ = {isa = PBXBuildFile; fileRef = 87800EFD2B19CA72009170E9 /* AOC1.swift */; };
		87800F002B1B1004009170E9 /* AOC2.swift in Sources */ = {isa = PBXBuildFile; fileRef = 87800EFF2B1B1004009170E9 /* AOC2.swift */; };
		87800F022B1CFB85009170E9 /* AOC3.swift in Sources */ = {isa = PBXBuildFile; fileRef = 87800F012B1CFB85009170E9 /* AOC3.swift */; };
		87800F042B1F0011009170E9 /* AOC5.swift in Sources */ = {isa = PBXBuildFile; fileRef = 87800F032B1F0011009170E9 /* AOC5.swift */; };
		87800F062B20540D009170E9 /* AOC6.swift in Sources */ = {isa = PBXBuildFile; fileRef = 87800F052B20540D009170E9 /* AOC6.swift */; };
		87800F082B21A347009170E9 /* AOC7.swift in Sources */ = {isa = PBXBuildFile; fileRef = 87800F072B21A347009170E9 /* AOC7.swift */; };
		87800F1A2B22FC30009170E9 /* AOC8.swift in Sources */ = {isa = PBXBuildFile; fileRef = 87800F192B22FC30009170E9 /* AOC8.swift */; };
/* End PBXBuildFile section */

/* Begin PBXCopyFilesBuildPhase section */
		87800EF12B19CA2F009170E9 /* CopyFiles */ = {
			isa = PBXCopyFilesBuildPhase;
			buildActionMask = 2147483647;
			dstPath = /usr/share/man/man1/;
			dstSubfolderSpec = 0;
			files = (
			);
			runOnlyForDeploymentPostprocessing = 1;
		};
/* End PBXCopyFilesBuildPhase section */

/* Begin PBXFileReference section */
		87800EF32B19CA2F009170E9 /* AOC2023 */ = {isa = PBXFileReference; explicitFileType = "compiled.mach-o.executable"; includeInIndex = 0; path = AOC2023; sourceTree = BUILT_PRODUCTS_DIR; };
		87800EF62B19CA2F009170E9 /* main.swift */ = {isa = PBXFileReference; lastKnownFileType = sourcecode.swift; path = main.swift; sourceTree = "<group>"; };
		87800EFD2B19CA72009170E9 /* AOC1.swift */ = {isa = PBXFileReference; lastKnownFileType = sourcecode.swift; path = AOC1.swift; sourceTree = "<group>"; };
		87800EFF2B1B1004009170E9 /* AOC2.swift */ = {isa = PBXFileReference; lastKnownFileType = sourcecode.swift; path = AOC2.swift; sourceTree = "<group>"; };
		87800F012B1CFB85009170E9 /* AOC3.swift */ = {isa = PBXFileReference; lastKnownFileType = sourcecode.swift; path = AOC3.swift; sourceTree = "<group>"; };
		87800F032B1F0011009170E9 /* AOC5.swift */ = {isa = PBXFileReference; lastKnownFileType = sourcecode.swift; path = AOC5.swift; sourceTree = "<group>"; };
		87800F052B20540D009170E9 /* AOC6.swift */ = {isa = PBXFileReference; lastKnownFileType = sourcecode.swift; path = AOC6.swift; sourceTree = "<group>"; };
		87800F072B21A347009170E9 /* AOC7.swift */ = {isa = PBXFileReference; lastKnownFileType = sourcecode.swift; path = AOC7.swift; sourceTree = "<group>"; };
		87800F192B22FC30009170E9 /* AOC8.swift */ = {isa = PBXFileReference; lastKnownFileType = sourcecode.swift; path = AOC8.swift; sourceTree = "<group>"; };
/* End PBXFileReference section */

/* Begin PBXFrameworksBuildPhase section */
		87800EF02B19CA2F009170E9 /* Frameworks */ = {
			isa = PBXFrameworksBuildPhase;
			buildActionMask = 2147483647;
			files = (
			);
			runOnlyForDeploymentPostprocessing = 0;
		};
/* End PBXFrameworksBuildPhase section */

/* Begin PBXGroup section */
		87800EEA2B19CA2F009170E9 = {
			isa = PBXGroup;
			children = (
				87800EF52B19CA2F009170E9 /* AOC2023 */,
				87800EF42B19CA2F009170E9 /* Products */,
			);
			sourceTree = "<group>";
		};
		87800EF42B19CA2F009170E9 /* Products */ = {
			isa = PBXGroup;
			children = (
				87800EF32B19CA2F009170E9 /* AOC2023 */,
			);
			name = Products;
			sourceTree = "<group>";
		};
		87800EF52B19CA2F009170E9 /* AOC2023 */ = {
			isa = PBXGroup;
			children = (
				87800EF62B19CA2F009170E9 /* main.swift */,
				87800EFD2B19CA72009170E9 /* AOC1.swift */,
				87800EFF2B1B1004009170E9 /* AOC2.swift */,
				87800F012B1CFB85009170E9 /* AOC3.swift */,
				87800F032B1F0011009170E9 /* AOC5.swift */,
				87800F052B20540D009170E9 /* AOC6.swift */,
				87800F072B21A347009170E9 /* AOC7.swift */,
				87800F192B22FC30009170E9 /* AOC8.swift */,
			);
			path = AOC2023;
			sourceTree = "<group>";
		};
/* End PBXGroup section */

/* Begin PBXNativeTarget section */
		87800EF22B19CA2F009170E9 /* AOC2023 */ = {
			isa = PBXNativeTarget;
			buildConfigurationList = 87800EFA2B19CA2F009170E9 /* Build configuration list for PBXNativeTarget "AOC2023" */;
			buildPhases = (
				87800EEF2B19CA2F009170E9 /* Sources */,
				87800EF02B19CA2F009170E9 /* Frameworks */,
				87800EF12B19CA2F009170E9 /* CopyFiles */,
			);
			buildRules = (
			);
			dependencies = (
			);
			name = AOC2023;
			productName = AOC2023;
			productReference = 87800EF32B19CA2F009170E9 /* AOC2023 */;
			productType = "com.apple.product-type.tool";
		};
/* End PBXNativeTarget section */

/* Begin PBXProject section */
		87800EEB2B19CA2F009170E9 /* Project object */ = {
			isa = PBXProject;
			attributes = {
				BuildIndependentTargetsInParallel = 1;
				LastSwiftUpdateCheck = 1500;
				LastUpgradeCheck = 1500;
				TargetAttributes = {
					87800EF22B19CA2F009170E9 = {
						CreatedOnToolsVersion = 15.0.1;
					};
				};
			};
			buildConfigurationList = 87800EEE2B19CA2F009170E9 /* Build configuration list for PBXProject "AOC2023" */;
			compatibilityVersion = "Xcode 14.0";
			developmentRegion = en;
			hasScannedForEncodings = 0;
			knownRegions = (
				en,
				Base,
			);
			mainGroup = 87800EEA2B19CA2F009170E9;
			productRefGroup = 87800EF42B19CA2F009170E9 /* Products */;
			projectDirPath = "";
			projectRoot = "";
			targets = (
				87800EF22B19CA2F009170E9 /* AOC2023 */,
			);
		};
/* End PBXProject section */

/* Begin PBXSourcesBuildPhase section */
		87800EEF2B19CA2F009170E9 /* Sources */ = {
			isa = PBXSourcesBuildPhase;
			buildActionMask = 2147483647;
			files = (
				87800F1A2B22FC30009170E9 /* AOC8.swift in Sources */,
				87800F062B20540D009170E9 /* AOC6.swift in Sources */,
				87800F042B1F0011009170E9 /* AOC5.swift in Sources */,
				87800F082B21A347009170E9 /* AOC7.swift in Sources */,
				87800F002B1B1004009170E9 /* AOC2.swift in Sources */,
				87800EF72B19CA2F009170E9 /* main.swift in Sources */,
				87800EFE2B19CA72009170E9 /* AOC1.swift in Sources */,
				87800F022B1CFB85009170E9 /* AOC3.swift in Sources */,
			);
			runOnlyForDeploymentPostprocessing = 0;
		};
/* End PBXSourcesBuildPhase section */

/* Begin XCBuildConfiguration section */
		87800EF82B19CA2F009170E9 /* Debug */ = {
			isa = XCBuildConfiguration;
			buildSettings = {
				ALWAYS_SEARCH_USER_PATHS = NO;
				ASSETCATALOG_COMPILER_GENERATE_SWIFT_ASSET_SYMBOL_EXTENSIONS = YES;
				CLANG_ANALYZER_NONNULL = YES;
				CLANG_ANALYZER_NUMBER_OBJECT_CONVERSION = YES_AGGRESSIVE;
				CLANG_CXX_LANGUAGE_STANDARD = "gnu++20";
				CLANG_ENABLE_MODULES = YES;
				CLANG_ENABLE_OBJC_ARC = YES;
				CLANG_ENABLE_OBJC_WEAK = YES;
				CLANG_WARN_BLOCK_CAPTURE_AUTORELEASING = YES;
				CLANG_WARN_BOOL_CONVERSION = YES;
				CLANG_WARN_COMMA = YES;
				CLANG_WARN_CONSTANT_CONVERSION = YES;
				CLANG_WARN_DEPRECATED_OBJC_IMPLEMENTATIONS = YES;
				CLANG_WARN_DIRECT_OBJC_ISA_USAGE = YES_ERROR;
				CLANG_WARN_DOCUMENTATION_COMMENTS = YES;
				CLANG_WARN_EMPTY_BODY = YES;
				CLANG_WARN_ENUM_CONVERSION = YES;
				CLANG_WARN_INFINITE_RECURSION = YES;
				CLANG_WARN_INT_CONVERSION = YES;
				CLANG_WARN_NON_LITERAL_NULL_CONVERSION = YES;
				CLANG_WARN_OBJC_IMPLICIT_RETAIN_SELF = YES;
				CLANG_WARN_OBJC_LITERAL_CONVERSION = YES;
				CLANG_WARN_OBJC_ROOT_CLASS = YES_ERROR;
				CLANG_WARN_QUOTED_INCLUDE_IN_FRAMEWORK_HEADER = YES;
				CLANG_WARN_RANGE_LOOP_ANALYSIS = YES;
				CLANG_WARN_STRICT_PROTOTYPES = YES;
				CLANG_WARN_SUSPICIOUS_MOVE = YES;
				CLANG_WARN_UNGUARDED_AVAILABILITY = YES_AGGRESSIVE;
				CLANG_WARN_UNREACHABLE_CODE = YES;
				CLANG_WARN__DUPLICATE_METHOD_MATCH = YES;
				COPY_PHASE_STRIP = NO;
				DEBUG_INFORMATION_FORMAT = dwarf;
				ENABLE_STRICT_OBJC_MSGSEND = YES;
				ENABLE_TESTABILITY = YES;
				ENABLE_USER_SCRIPT_SANDBOXING = YES;
				GCC_C_LANGUAGE_STANDARD = gnu17;
				GCC_DYNAMIC_NO_PIC = NO;
				GCC_NO_COMMON_BLOCKS = YES;
				GCC_OPTIMIZATION_LEVEL = 0;
				GCC_PREPROCESSOR_DEFINITIONS = (
					"DEBUG=1",
					"$(inherited)",
				);
				GCC_WARN_64_TO_32_BIT_CONVERSION = YES;
				GCC_WARN_ABOUT_RETURN_TYPE = YES_ERROR;
				GCC_WARN_UNDECLARED_SELECTOR = YES;
				GCC_WARN_UNINITIALIZED_AUTOS = YES_AGGRESSIVE;
				GCC_WARN_UNUSED_FUNCTION = YES;
				GCC_WARN_UNUSED_VARIABLE = YES;
				LOCALIZATION_PREFERS_STRING_CATALOGS = YES;
				MACOSX_DEPLOYMENT_TARGET = 14.0;
				MTL_ENABLE_DEBUG_INFO = INCLUDE_SOURCE;
				MTL_FAST_MATH = YES;
				ONLY_ACTIVE_ARCH = YES;
				SDKROOT = macosx;
				SWIFT_ACTIVE_COMPILATION_CONDITIONS = "DEBUG $(inherited)";
				SWIFT_OPTIMIZATION_LEVEL = "-Onone";
			};
			name = Debug;
		};
		87800EF92B19CA2F009170E9 /* Release */ = {
			isa = XCBuildConfiguration;
			buildSettings = {
				ALWAYS_SEARCH_USER_PATHS = NO;
				ASSETCATALOG_COMPILER_GENERATE_SWIFT_ASSET_SYMBOL_EXTENSIONS = YES;
				CLANG_ANALYZER_NONNULL = YES;
				CLANG_ANALYZER_NUMBER_OBJECT_CONVERSION = YES_AGGRESSIVE;
				CLANG_CXX_LANGUAGE_STANDARD = "gnu++20";
				CLANG_ENABLE_MODULES = YES;
				CLANG_ENABLE_OBJC_ARC = YES;
				CLANG_ENABLE_OBJC_WEAK = YES;
				CLANG_WARN_BLOCK_CAPTURE_AUTORELEASING = YES;
				CLANG_WARN_BOOL_CONVERSION = YES;
				CLANG_WARN_COMMA = YES;
				CLANG_WARN_CONSTANT_CONVERSION = YES;
				CLANG_WARN_DEPRECATED_OBJC_IMPLEMENTATIONS = YES;
				CLANG_WARN_DIRECT_OBJC_ISA_USAGE = YES_ERROR;
				CLANG_WARN_DOCUMENTATION_COMMENTS = YES;
				CLANG_WARN_EMPTY_BODY = YES;
				CLANG_WARN_ENUM_CONVERSION = YES;
				CLANG_WARN_INFINITE_RECURSION = YES;
				CLANG_WARN_INT_CONVERSION = YES;
				CLANG_WARN_NON_LITERAL_NULL_CONVERSION = YES;
				CLANG_WARN_OBJC_IMPLICIT_RETAIN_SELF = YES;
				CLANG_WARN_OBJC_LITERAL_CONVERSION = YES;
				CLANG_WARN_OBJC_ROOT_CLASS = YES_ERROR;
				CLANG_WARN_QUOTED_INCLUDE_IN_FRAMEWORK_HEADER = YES;
				CLANG_WARN_RANGE_LOOP_ANALYSIS = YES;
				CLANG_WARN_STRICT_PROTOTYPES = YES;
				CLANG_WARN_SUSPICIOUS_MOVE = YES;
				CLANG_WARN_UNGUARDED_AVAILABILITY = YES_AGGRESSIVE;
				CLANG_WARN_UNREACHABLE_CODE = YES;
				CLANG_WARN__DUPLICATE_METHOD_MATCH = YES;
				COPY_PHASE_STRIP = NO;
				DEBUG_INFORMATION_FORMAT = "dwarf-with-dsym";
				ENABLE_NS_ASSERTIONS = NO;
				ENABLE_STRICT_OBJC_MSGSEND = YES;
				ENABLE_USER_SCRIPT_SANDBOXING = YES;
				GCC_C_LANGUAGE_STANDARD = gnu17;
				GCC_NO_COMMON_BLOCKS = YES;
				GCC_WARN_64_TO_32_BIT_CONVERSION = YES;
				GCC_WARN_ABOUT_RETURN_TYPE = YES_ERROR;
				GCC_WARN_UNDECLARED_SELECTOR = YES;
				GCC_WARN_UNINITIALIZED_AUTOS = YES_AGGRESSIVE;
				GCC_WARN_UNUSED_FUNCTION = YES;
				GCC_WARN_UNUSED_VARIABLE = YES;
				LOCALIZATION_PREFERS_STRING_CATALOGS = YES;
				MACOSX_DEPLOYMENT_TARGET = 14.0;
				MTL_ENABLE_DEBUG_INFO = NO;
				MTL_FAST_MATH = YES;
				SDKROOT = macosx;
				SWIFT_COMPILATION_MODE = wholemodule;
			};
			name = Release;
		};
		87800EFB2B19CA2F009170E9 /* Debug */ = {
			isa = XCBuildConfiguration;
			buildSettings = {
				CODE_SIGN_STYLE = Automatic;
				DEVELOPMENT_TEAM = S8U65QFSFW;
				ENABLE_HARDENED_RUNTIME = YES;
				PRODUCT_NAME = "$(TARGET_NAME)";
				SWIFT_VERSION = 5.0;
			};
			name = Debug;
		};
		87800EFC2B19CA2F009170E9 /* Release */ = {
			isa = XCBuildConfiguration;
			buildSettings = {
				CODE_SIGN_STYLE = Automatic;
				DEVELOPMENT_TEAM = S8U65QFSFW;
				ENABLE_HARDENED_RUNTIME = YES;
				PRODUCT_NAME = "$(TARGET_NAME)";
				SWIFT_VERSION = 5.0;
			};
			name = Release;
		};
/* End XCBuildConfiguration section */

/* Begin XCConfigurationList section */
		87800EEE2B19CA2F009170E9 /* Build configuration list for PBXProject "AOC2023" */ = {
			isa = XCConfigurationList;
			buildConfigurations = (
				87800EF82B19CA2F009170E9 /* Debug */,
				87800EF92B19CA2F009170E9 /* Release */,
			);
			defaultConfigurationIsVisible = 0;
			defaultConfigurationName = Release;
		};
		87800EFA2B19CA2F009170E9 /* Build configuration list for PBXNativeTarget "AOC2023" */ = {
			isa = XCConfigurationList;
			buildConfigurations = (
				87800EFB2B19CA2F009170E9 /* Debug */,
				87800EFC2B19CA2F009170E9 /* Release */,
			);
			defaultConfigurationIsVisible = 0;
			defaultConfigurationName = Release;
		};
/* End XCConfigurationList section */
	};
	rootObject = 87800EEB2B19CA2F009170E9 /* Project object */;
}
